{
  "version": "5",
  "specifiers": {
    "jsr:@hono/deno@^1.0.2": "1.0.2",
    "jsr:@hono/hono@^4.13.12": "4.13.13",
    "jsr:@hono/hono@^4.13.9": "4.13.13",
    "jsr:@std/encoding@0.221": "0.221.0",
    "jsr:@std/encoding@^1.0.11": "1.0.11",
    "jsr:@wok/djwt@^3.0.2": "3.0.2"
  },
  "jsr": {
    "@hono/deno@1.0.2": {
      "integrity": "b4f8c5d5f8d922e56062639824857e54938f71a15c5daa871161bfd95fa82f31",
      "dependencies": [
        "jsr:@hono/hono@^4.13.9"
      ]
    },
    "@hono/hono@4.13.13": {
      "integrity": "dec817b8600fc2835c259d875a69e849a706f6d25e8d0643d75c97f7d0afcdf8"
    },
    "@std/encoding@0.221.0": {
      "integrity": "d1dd76ef0dc5d14088411e6dc1dede53bf8308c95d1537df1214c97137208e45"
    },
    "@std/encoding@1.0.11": {
      "integrity": "e7cef2f0b3153bccc17431e7c864a1de03a4b6d9647389c43e08aaa775d37385"
    },
    "@wok/djwt@3.0.2": {
      "integrity": "e1c8afe6e321941edda40d91b089e93738469b994d53f41f82e0e7fcd7dde259",
      "dependencies": [
        "jsr:@std/encoding@0.221"
      ]
    }
  },
  "workspace": {
    "dependencies": [
      "jsr:@hono/deno@^1.0.2",
      "jsr:@hono/hono@^4.13.12",
      "jsr:@std/encoding@^1.0.11",
      "jsr:@wok/djwt@^3.0.2"
    ]
  }
}
