{
  "version": "4",
  "specifiers": {
    "jsr:@hono/hono@^4.7.2": "4.7.2",
    "jsr:@std/encoding@0.221": "0.221.0",
    "jsr:@std/encoding@^1.0.7": "1.0.7",
    "jsr:@wok/djwt@^3.0.2": "3.0.2"
  },
  "jsr": {
    "@hono/hono@4.7.2": {
      "integrity": "73466a24bd6eb3b527cde18e59ca5543890ddacb4312fc0bc7504d28a7e57a38"
    },
    "@std/encoding@0.221.0": {
      "integrity": "d1dd76ef0dc5d14088411e6dc1dede53bf8308c95d1537df1214c97137208e45"
    },
    "@std/encoding@1.0.7": {
      "integrity": "f631247c1698fef289f2de9e2a33d571e46133b38d042905e3eac3715030a82d"
    },
    "@wok/djwt@3.0.2": {
      "integrity": "e1c8afe6e321941edda40d91b089e93738469b994d53f41f82e0e7fcd7dde259",
      "dependencies": [
        "jsr:@std/encoding@0.221"
      ]
    }
  },
  "workspace": {
    "dependencies": [
      "jsr:@hono/hono@^4.7.2",
      "jsr:@std/encoding@^1.0.7",
      "jsr:@wok/djwt@^3.0.2"
    ]
  }
}
